
Microsoft Visual Studio Solution File, Format Version 12.00
# Visual Studio Version 16
VisualStudioVersion = 16.0.29709.97
MinimumVisualStudioVersion = 10.0.40219.1
Project("{2150E333-8FDC-42A3-9474-1A3956D46DE8}") = "ApiGateways", "ApiGateways", "{8A0F9692-D4C2-4B74-AC42-2A34EC461349}"
EndProject
Project("{9A19103F-16F7-4668-BE54-9A1E7A4F7556}") = "GeekTime.Gateway", "ApiGateways\GeekTime.Gateway\GeekTime.Gateway.csproj", "{076620BC-7C07-46A8-A31C-28EDF2A1EDFA}"
EndProject
Project("{9A19103F-16F7-4668-BE54-9A1E7A4F7556}") = "GeekTime.Mobile.ApiAggregator", "ApiGateways\GeekTime.Mobile.ApiAggregator\GeekTime.Mobile.ApiAggregator.csproj", "{6C70773C-6FAD-45AC-BDAF-B4D76F16F5C8}"
EndProject
Project("{9A19103F-16F7-4668-BE54-9A1E7A4F7556}") = "GeekTime.Mobile.Gateway", "ApiGateways\GeekTime.Mobile.Gateway\GeekTime.Mobile.Gateway.csproj", "{BB582099-36C1-4020-B69B-AB8C2513BDC8}"
EndProject
Project("{2150E333-8FDC-42A3-9474-1A3956D46DE8}") = "Monitor", "Monitor", "{4644DF43-AB55-41C0-A8DD-ECEFD2AD2AE8}"
EndProject
Project("{9A19103F-16F7-4668-BE54-9A1E7A4F7556}") = "GeekTime.HealthChecksHost", "Monitor\GeekTime.HealthChecksHost\GeekTime.HealthChecksHost.csproj", "{E158D810-3D3C-4370-8214-F75095BC81D8}"
EndProject
Project("{2150E333-8FDC-42A3-9474-1A3956D46DE8}") = "Samples", "Samples", "{56148E6E-B277-4280-8B63-990DC0EB8287}"
EndProject
Project("{9A19103F-16F7-4668-BE54-9A1E7A4F7556}") = "GeekTime.BadSite", "Samples\GeekTime.BadSite\GeekTime.BadSite.csproj", "{81D3F95D-D191-46C2-A6CE-880DC35F66B8}"
EndProject
Project("{9A19103F-16F7-4668-BE54-9A1E7A4F7556}") = "GeekTime.GoodSite", "Samples\GeekTime.GoodSite\GeekTime.GoodSite.csproj", "{ED2D7B7E-48E4-49C4-9FE2-890CE0E647DC}"
EndProject
Project("{2150E333-8FDC-42A3-9474-1A3956D46DE8}") = "Services", "Services", "{7B61BA7E-1375-4504-86F9-2A7E788F8C57}"
EndProject
Project("{2150E333-8FDC-42A3-9474-1A3956D46DE8}") = "Identity", "Identity", "{482CFBEA-D2E3-4D3B-9651-1545D1EA5F8F}"
EndProject
Project("{9A19103F-16F7-4668-BE54-9A1E7A4F7556}") = "GeekTime.Identity.API", "Services\Identity\GeekTime.Identity.API\GeekTime.Identity.API.csproj", "{80190A2B-BD35-4229-97BE-D3D56AC2AD4A}"
EndProject
Project("{2150E333-8FDC-42A3-9474-1A3956D46DE8}") = "Ordering", "Ordering", "{C274EB76-5E3A-4DA9-B712-4DFD82EEF58A}"
EndProject
Project("{9A19103F-16F7-4668-BE54-9A1E7A4F7556}") = "GeekTime.Ordering.API", "Services\Ordering\GeekTime.Ordering.API\GeekTime.Ordering.API.csproj", "{0E0B0114-4002-4390-B863-C32F37B636AD}"
EndProject
Project("{9A19103F-16F7-4668-BE54-9A1E7A4F7556}") = "GeekTime.Ordering.BackgroundTasks", "Services\Ordering\GeekTime.Ordering.BackgroundTasks\GeekTime.Ordering.BackgroundTasks.csproj", "{42896732-F122-4E55-8899-B1DDBAE33C48}"
EndProject
Project("{9A19103F-16F7-4668-BE54-9A1E7A4F7556}") = "GeekTime.Ordering.Domain", "Services\Ordering\GeekTime.Ordering.Domain\GeekTime.Ordering.Domain.csproj", "{95845B5E-FF51-43BF-A5C1-EC52B51B1B7B}"
EndProject
Project("{9A19103F-16F7-4668-BE54-9A1E7A4F7556}") = "GeekTime.Ordering.Infrastructure", "Services\Ordering\GeekTime.Ordering.Infrastructure\GeekTime.Ordering.Infrastructure.csproj", "{00C1221B-EDCB-4E44-90B8-9DCB4E0CF1C8}"
EndProject
Project("{2150E333-8FDC-42A3-9474-1A3956D46DE8}") = "Shared", "Shared", "{B9E6F40F-0273-4C69-BF28-260AED4A23E3}"
EndProject
Project("{9A19103F-16F7-4668-BE54-9A1E7A4F7556}") = "GeekTime.Core", "Shared\GeekTime.Core\GeekTime.Core.csproj", "{C3597618-640F-4B85-8555-340572A19479}"
EndProject
Project("{9A19103F-16F7-4668-BE54-9A1E7A4F7556}") = "GeekTime.Domain.Abstractions", "Shared\GeekTime.Domain.Abstractions\GeekTime.Domain.Abstractions.csproj", "{AA14F4E1-5C7A-4051-BA26-4B422C5B4C87}"
EndProject
Project("{9A19103F-16F7-4668-BE54-9A1E7A4F7556}") = "GeekTime.Extensions.Http", "Shared\GeekTime.Extensions.Http\GeekTime.Extensions.Http.csproj", "{BB1DA9F6-5D51-4729-A5C4-04AD21BB6DA9}"
EndProject
Project("{9A19103F-16F7-4668-BE54-9A1E7A4F7556}") = "GeekTime.Infrastructure.Core", "Shared\GeekTime.Infrastructure.Core\GeekTime.Infrastructure.Core.csproj", "{5824334F-A174-4148-BB4E-AE9940E214BC}"
EndProject
Global
	GlobalSection(SolutionConfigurationPlatforms) = preSolution
		Debug|Any CPU = Debug|Any CPU
		Release|Any CPU = Release|Any CPU
	EndGlobalSection
	GlobalSection(ProjectConfigurationPlatforms) = postSolution
		{076620BC-7C07-46A8-A31C-28EDF2A1EDFA}.Debug|Any CPU.ActiveCfg = Debug|Any CPU
		{076620BC-7C07-46A8-A31C-28EDF2A1EDFA}.Debug|Any CPU.Build.0 = Debug|Any CPU
		{076620BC-7C07-46A8-A31C-28EDF2A1EDFA}.Release|Any CPU.ActiveCfg = Release|Any CPU
		{076620BC-7C07-46A8-A31C-28EDF2A1EDFA}.Release|Any CPU.Build.0 = Release|Any CPU
		{6C70773C-6FAD-45AC-BDAF-B4D76F16F5C8}.Debug|Any CPU.ActiveCfg = Debug|Any CPU
		{6C70773C-6FAD-45AC-BDAF-B4D76F16F5C8}.Debug|Any CPU.Build.0 = Debug|Any CPU
		{6C70773C-6FAD-45AC-BDAF-B4D76F16F5C8}.Release|Any CPU.ActiveCfg = Release|Any CPU
		{6C70773C-6FAD-45AC-BDAF-B4D76F16F5C8}.Release|Any CPU.Build.0 = Release|Any CPU
		{BB582099-36C1-4020-B69B-AB8C2513BDC8}.Debug|Any CPU.ActiveCfg = Debug|Any CPU
		{BB582099-36C1-4020-B69B-AB8C2513BDC8}.Debug|Any CPU.Build.0 = Debug|Any CPU
		{BB582099-36C1-4020-B69B-AB8C2513BDC8}.Release|Any CPU.ActiveCfg = Release|Any CPU
		{BB582099-36C1-4020-B69B-AB8C2513BDC8}.Release|Any CPU.Build.0 = Release|Any CPU
		{E158D810-3D3C-4370-8214-F75095BC81D8}.Debug|Any CPU.ActiveCfg = Debug|Any CPU
		{E158D810-3D3C-4370-8214-F75095BC81D8}.Debug|Any CPU.Build.0 = Debug|Any CPU
		{E158D810-3D3C-4370-8214-F75095BC81D8}.Release|Any CPU.ActiveCfg = Release|Any CPU
		{E158D810-3D3C-4370-8214-F75095BC81D8}.Release|Any CPU.Build.0 = Release|Any CPU
		{81D3F95D-D191-46C2-A6CE-880DC35F66B8}.Debug|Any CPU.ActiveCfg = Debug|Any CPU
		{81D3F95D-D191-46C2-A6CE-880DC35F66B8}.Debug|Any CPU.Build.0 = Debug|Any CPU
		{81D3F95D-D191-46C2-A6CE-880DC35F66B8}.Release|Any CPU.ActiveCfg = Release|Any CPU
		{81D3F95D-D191-46C2-A6CE-880DC35F66B8}.Release|Any CPU.Build.0 = Release|Any CPU
		{ED2D7B7E-48E4-49C4-9FE2-890CE0E647DC}.Debug|Any CPU.ActiveCfg = Debug|Any CPU
		{ED2D7B7E-48E4-49C4-9FE2-890CE0E647DC}.Debug|Any CPU.Build.0 = Debug|Any CPU
		{ED2D7B7E-48E4-49C4-9FE2-890CE0E647DC}.Release|Any CPU.ActiveCfg = Release|Any CPU
		{ED2D7B7E-48E4-49C4-9FE2-890CE0E647DC}.Release|Any CPU.Build.0 = Release|Any CPU
		{80190A2B-BD35-4229-97BE-D3D56AC2AD4A}.Debug|Any CPU.ActiveCfg = Debug|Any CPU
		{80190A2B-BD35-4229-97BE-D3D56AC2AD4A}.Debug|Any CPU.Build.0 = Debug|Any CPU
		{80190A2B-BD35-4229-97BE-D3D56AC2AD4A}.Release|Any CPU.ActiveCfg = Release|Any CPU
		{80190A2B-BD35-4229-97BE-D3D56AC2AD4A}.Release|Any CPU.Build.0 = Release|Any CPU
		{0E0B0114-4002-4390-B863-C32F37B636AD}.Debug|Any CPU.ActiveCfg = Debug|Any CPU
		{0E0B0114-4002-4390-B863-C32F37B636AD}.Debug|Any CPU.Build.0 = Debug|Any CPU
		{0E0B0114-4002-4390-B863-C32F37B636AD}.Release|Any CPU.ActiveCfg = Release|Any CPU
		{0E0B0114-4002-4390-B863-C32F37B636AD}.Release|Any CPU.Build.0 = Release|Any CPU
		{42896732-F122-4E55-8899-B1DDBAE33C48}.Debug|Any CPU.ActiveCfg = Debug|Any CPU
		{42896732-F122-4E55-8899-B1DDBAE33C48}.Debug|Any CPU.Build.0 = Debug|Any CPU
		{42896732-F122-4E55-8899-B1DDBAE33C48}.Release|Any CPU.ActiveCfg = Release|Any CPU
		{42896732-F122-4E55-8899-B1DDBAE33C48}.Release|Any CPU.Build.0 = Release|Any CPU
		{95845B5E-FF51-43BF-A5C1-EC52B51B1B7B}.Debug|Any CPU.ActiveCfg = Debug|Any CPU
		{95845B5E-FF51-43BF-A5C1-EC52B51B1B7B}.Debug|Any CPU.Build.0 = Debug|Any CPU
		{95845B5E-FF51-43BF-A5C1-EC52B51B1B7B}.Release|Any CPU.ActiveCfg = Release|Any CPU
		{95845B5E-FF51-43BF-A5C1-EC52B51B1B7B}.Release|Any CPU.Build.0 = Release|Any CPU
		{00C1221B-EDCB-4E44-90B8-9DCB4E0CF1C8}.Debug|Any CPU.ActiveCfg = Debug|Any CPU
		{00C1221B-EDCB-4E44-90B8-9DCB4E0CF1C8}.Debug|Any CPU.Build.0 = Debug|Any CPU
		{00C1221B-EDCB-4E44-90B8-9DCB4E0CF1C8}.Release|Any CPU.ActiveCfg = Release|Any CPU
		{00C1221B-EDCB-4E44-90B8-9DCB4E0CF1C8}.Release|Any CPU.Build.0 = Release|Any CPU
		{C3597618-640F-4B85-8555-340572A19479}.Debug|Any CPU.ActiveCfg = Debug|Any CPU
		{C3597618-640F-4B85-8555-340572A19479}.Debug|Any CPU.Build.0 = Debug|Any CPU
		{C3597618-640F-4B85-8555-340572A19479}.Release|Any CPU.ActiveCfg = Release|Any CPU
		{C3597618-640F-4B85-8555-340572A19479}.Release|Any CPU.Build.0 = Release|Any CPU
		{AA14F4E1-5C7A-4051-BA26-4B422C5B4C87}.Debug|Any CPU.ActiveCfg = Debug|Any CPU
		{AA14F4E1-5C7A-4051-BA26-4B422C5B4C87}.Debug|Any CPU.Build.0 = Debug|Any CPU
		{AA14F4E1-5C7A-4051-BA26-4B422C5B4C87}.Release|Any CPU.ActiveCfg = Release|Any CPU
		{AA14F4E1-5C7A-4051-BA26-4B422C5B4C87}.Release|Any CPU.Build.0 = Release|Any CPU
		{BB1DA9F6-5D51-4729-A5C4-04AD21BB6DA9}.Debug|Any CPU.ActiveCfg = Debug|Any CPU
		{BB1DA9F6-5D51-4729-A5C4-04AD21BB6DA9}.Debug|Any CPU.Build.0 = Debug|Any CPU
		{BB1DA9F6-5D51-4729-A5C4-04AD21BB6DA9}.Release|Any CPU.ActiveCfg = Release|Any CPU
		{BB1DA9F6-5D51-4729-A5C4-04AD21BB6DA9}.Release|Any CPU.Build.0 = Release|Any CPU
		{5824334F-A174-4148-BB4E-AE9940E214BC}.Debug|Any CPU.ActiveCfg = Debug|Any CPU
		{5824334F-A174-4148-BB4E-AE9940E214BC}.Debug|Any CPU.Build.0 = Debug|Any CPU
		{5824334F-A174-4148-BB4E-AE9940E214BC}.Release|Any CPU.ActiveCfg = Release|Any CPU
		{5824334F-A174-4148-BB4E-AE9940E214BC}.Release|Any CPU.Build.0 = Release|Any CPU
	EndGlobalSection
	GlobalSection(SolutionProperties) = preSolution
		HideSolutionNode = FALSE
	EndGlobalSection
	GlobalSection(NestedProjects) = preSolution
		{076620BC-7C07-46A8-A31C-28EDF2A1EDFA} = {8A0F9692-D4C2-4B74-AC42-2A34EC461349}
		{6C70773C-6FAD-45AC-BDAF-B4D76F16F5C8} = {8A0F9692-D4C2-4B74-AC42-2A34EC461349}
		{BB582099-36C1-4020-B69B-AB8C2513BDC8} = {8A0F9692-D4C2-4B74-AC42-2A34EC461349}
		{E158D810-3D3C-4370-8214-F75095BC81D8} = {4644DF43-AB55-41C0-A8DD-ECEFD2AD2AE8}
		{81D3F95D-D191-46C2-A6CE-880DC35F66B8} = {56148E6E-B277-4280-8B63-990DC0EB8287}
		{ED2D7B7E-48E4-49C4-9FE2-890CE0E647DC} = {56148E6E-B277-4280-8B63-990DC0EB8287}
		{482CFBEA-D2E3-4D3B-9651-1545D1EA5F8F} = {7B61BA7E-1375-4504-86F9-2A7E788F8C57}
		{80190A2B-BD35-4229-97BE-D3D56AC2AD4A} = {482CFBEA-D2E3-4D3B-9651-1545D1EA5F8F}
		{C274EB76-5E3A-4DA9-B712-4DFD82EEF58A} = {7B61BA7E-1375-4504-86F9-2A7E788F8C57}
		{0E0B0114-4002-4390-B863-C32F37B636AD} = {C274EB76-5E3A-4DA9-B712-4DFD82EEF58A}
		{42896732-F122-4E55-8899-B1DDBAE33C48} = {C274EB76-5E3A-4DA9-B712-4DFD82EEF58A}
		{95845B5E-FF51-43BF-A5C1-EC52B51B1B7B} = {C274EB76-5E3A-4DA9-B712-4DFD82EEF58A}
		{00C1221B-EDCB-4E44-90B8-9DCB4E0CF1C8} = {C274EB76-5E3A-4DA9-B712-4DFD82EEF58A}
		{C3597618-640F-4B85-8555-340572A19479} = {B9E6F40F-0273-4C69-BF28-260AED4A23E3}
		{AA14F4E1-5C7A-4051-BA26-4B422C5B4C87} = {B9E6F40F-0273-4C69-BF28-260AED4A23E3}
		{BB1DA9F6-5D51-4729-A5C4-04AD21BB6DA9} = {B9E6F40F-0273-4C69-BF28-260AED4A23E3}
		{5824334F-A174-4148-BB4E-AE9940E214BC} = {B9E6F40F-0273-4C69-BF28-260AED4A23E3}
	EndGlobalSection
	GlobalSection(ExtensibilityGlobals) = postSolution
		SolutionGuid = {E9C6B60C-E5E8-465D-968B-AAE8C2D93C95}
	EndGlobalSection
EndGlobal
